
Microsoft Visual Studio Solution File, Format Version 12.00
# Visual Studio Version 16
VisualStudioVersion = 16.0.30717.126
MinimumVisualStudioVersion = 10.0.40219.1
Project("{FAE04EC0-301F-11D3-BF4B-00C04F79EFBC}") = "aKyzMarket", "aKyzMarket\aKyzMarket.csproj", "{F298358F-3177-4818-8D90-2D6AD642D770}"
EndProject
Global
	GlobalSection(SolutionConfigurationPlatforms) = preSolution
		Debug|Any CPU = Debug|Any CPU
		Release|Any CPU = Release|Any CPU
	EndGlobalSection
	GlobalSection(ProjectConfigurationPlatforms) = postSolution
		{F298358F-3177-4818-8D90-2D6AD642D770}.Debug|Any CPU.ActiveCfg = Debug|Any CPU
		{F298358F-3177-4818-8D90-2D6AD642D770}.Debug|Any CPU.Build.0 = Debug|Any CPU
		{F298358F-3177-4818-8D90-2D6AD642D770}.Release|Any CPU.ActiveCfg = Release|Any CPU
		{F298358F-3177-4818-8D90-2D6AD642D770}.Release|Any CPU.Build.0 = Release|Any CPU
	EndGlobalSection
	GlobalSection(SolutionProperties) = preSolution
		HideSolutionNode = FALSE
	EndGlobalSection
	GlobalSection(ExtensibilityGlobals) = postSolution
		SolutionGuid = {5076A097-24AE-4E02-9124-8ACF7AEB8DDB}
	EndGlobalSection
EndGlobal
